
Microsoft Visual Studio Solution File, Format Version 12.00
# Visual Studio 2012
Project("{2150E333-8FDC-42A3-9474-1A3956D46DE8}") = "src", "src", "{2881EC56-83F3-4CFD-BED9-EFD7A02DD0DC}"
EndProject
Project("{FAE04EC0-301F-11D3-BF4B-00C04F79EFBC}") = "pika2", "src\pika2\pika2.csproj", "{978004CF-A375-4326-8C6F-2E5678E9B854}"
EndProject
Global
	GlobalSection(SolutionConfigurationPlatforms) = preSolution
		Debug|Any CPU = Debug|Any CPU
		Release|Any CPU = Release|Any CPU
	EndGlobalSection
	GlobalSection(ProjectConfigurationPlatforms) = postSolution
		{978004CF-A375-4326-8C6F-2E5678E9B854}.Debug|Any CPU.ActiveCfg = Debug|Any CPU
		{978004CF-A375-4326-8C6F-2E5678E9B854}.Debug|Any CPU.Build.0 = Debug|Any CPU
		{978004CF-A375-4326-8C6F-2E5678E9B854}.Release|Any CPU.ActiveCfg = Release|Any CPU
		{978004CF-A375-4326-8C6F-2E5678E9B854}.Release|Any CPU.Build.0 = Release|Any CPU
	EndGlobalSection
	GlobalSection(NestedProjects) = preSolution
		{978004CF-A375-4326-8C6F-2E5678E9B854} = {2881EC56-83F3-4CFD-BED9-EFD7A02DD0DC}
	EndGlobalSection
EndGlobal
